// !$*UTF8*$!
{
	archiveVersion = 1;
	classes = {
	};
	objectVersion = 56;
	objects = {

/* Begin PBXBuildFile section */
		CE2E15C32C643B7F006C3C7D /* Shapes.swift in Sources */ = {isa = PBXBuildFile; fileRef = CE2E15C22C643B7F006C3C7D /* Shapes.swift */; };
		CE2E15C52C644A4C006C3C7D /* ShapeSelectView.swift in Sources */ = {isa = PBXBuildFile; fileRef = CE2E15C42C644A4C006C3C7D /* ShapeSelectView.swift */; };
		CE4EE0392C61DD1A00B9AB61 /* DottedBackgroundView.swift in Sources */ = {isa = PBXBuildFile; fileRef = CE4EE0382C61DD1A00B9AB61 /* DottedBackgroundView.swift */; };
		CE6C915D2C61A3FA000A68EF /* HomeView.swift in Sources */ = {isa = PBXBuildFile; fileRef = CE6C915C2C61A3FA000A68EF /* HomeView.swift */; };
		CE6C915F2C61A565000A68EF /* CanvasView.swift in Sources */ = {isa = PBXBuildFile; fileRef = CE6C915E2C61A565000A68EF /* CanvasView.swift */; };
		CE6C91612C61A878000A68EF /* DrawingView.swift in Sources */ = {isa = PBXBuildFile; fileRef = CE6C91602C61A878000A68EF /* DrawingView.swift */; };
		CE9987CD2C6CD5C000685D3A /* CollabView.swift in Sources */ = {isa = PBXBuildFile; fileRef = CE9987CC2C6CD5C000685D3A /* CollabView.swift */; };
		CE9987CF2C6CDECF00685D3A /* HomeToolBar.swift in Sources */ = {isa = PBXBuildFile; fileRef = CE9987CE2C6CDECF00685D3A /* HomeToolBar.swift */; };
		CE9987D12C6D20F400685D3A /* CreateView.swift in Sources */ = {isa = PBXBuildFile; fileRef = CE9987D02C6D20F400685D3A /* CreateView.swift */; };
		CE9987D32C6D2BD400685D3A /* CanvasCard.swift in Sources */ = {isa = PBXBuildFile; fileRef = CE9987D22C6D2BD400685D3A /* CanvasCard.swift */; };
		CE9987D62C6D2DA000685D3A /* AppUser.swift in Sources */ = {isa = PBXBuildFile; fileRef = CE9987D52C6D2DA000685D3A /* AppUser.swift */; };
		CEA43D092C767D2200E71C15 /* ChatMessage.swift in Sources */ = {isa = PBXBuildFile; fileRef = CEA43D082C767D2200E71C15 /* ChatMessage.swift */; };
		CEA43D0E2C76821000E71C15 /* Auth in Frameworks */ = {isa = PBXBuildFile; productRef = CEA43D0D2C76821000E71C15 /* Auth */; };
		CEA43D102C76821000E71C15 /* Functions in Frameworks */ = {isa = PBXBuildFile; productRef = CEA43D0F2C76821000E71C15 /* Functions */; };
		CEA43D122C76821000E71C15 /* PostgREST in Frameworks */ = {isa = PBXBuildFile; productRef = CEA43D112C76821000E71C15 /* PostgREST */; };
		CEA43D142C76821000E71C15 /* Realtime in Frameworks */ = {isa = PBXBuildFile; productRef = CEA43D132C76821000E71C15 /* Realtime */; };
		CEA43D162C76821000E71C15 /* Storage in Frameworks */ = {isa = PBXBuildFile; productRef = CEA43D152C76821000E71C15 /* Storage */; };
		CEA43D182C76821000E71C15 /* Supabase in Frameworks */ = {isa = PBXBuildFile; productRef = CEA43D172C76821000E71C15 /* Supabase */; };
		CEB03B9A2C68EB000006B25E /* Canvas.swift in Sources */ = {isa = PBXBuildFile; fileRef = CEB03B992C68EB000006B25E /* Canvas.swift */; };
		CEB03B9C2C691CE50006B25E /* HomeViewModel.swift in Sources */ = {isa = PBXBuildFile; fileRef = CEB03B9B2C691CE50006B25E /* HomeViewModel.swift */; };
		CEB03B9E2C6928870006B25E /* EmptyListView.swift in Sources */ = {isa = PBXBuildFile; fileRef = CEB03B9D2C6928870006B25E /* EmptyListView.swift */; };
		CEB7E9D52C62893F00B92530 /* CanvasToolBar.swift in Sources */ = {isa = PBXBuildFile; fileRef = CEB7E9D42C62893F00B92530 /* CanvasToolBar.swift */; };
		CEB7E9D72C62897A00B92530 /* CanvasViewModel.swift in Sources */ = {isa = PBXBuildFile; fileRef = CEB7E9D62C62897A00B92530 /* CanvasViewModel.swift */; };
		CEB7E9DB2C628CFA00B92530 /* ToolPickerView.swift in Sources */ = {isa = PBXBuildFile; fileRef = CEB7E9DA2C628CFA00B92530 /* ToolPickerView.swift */; };
		CEBA08982C6180FC00B60A33 /* ScribitApp.swift in Sources */ = {isa = PBXBuildFile; fileRef = CEBA08972C6180FC00B60A33 /* ScribitApp.swift */; };
		CEBA089C2C6180FF00B60A33 /* Assets.xcassets in Resources */ = {isa = PBXBuildFile; fileRef = CEBA089B2C6180FF00B60A33 /* Assets.xcassets */; };
		CEBA089F2C6180FF00B60A33 /* Preview Assets.xcassets in Resources */ = {isa = PBXBuildFile; fileRef = CEBA089E2C6180FF00B60A33 /* Preview Assets.xcassets */; };
		CEEFE55E2C64F6A8000D5BAF /* AppTextField.swift in Sources */ = {isa = PBXBuildFile; fileRef = CEEFE55D2C64F6A8000D5BAF /* AppTextField.swift */; };
		CEEFE5602C64FDD1000D5BAF /* AppPasswordField.swift in Sources */ = {isa = PBXBuildFile; fileRef = CEEFE55F2C64FDD1000D5BAF /* AppPasswordField.swift */; };
		CEEFE5622C64FF25000D5BAF /* LoginView.swift in Sources */ = {isa = PBXBuildFile; fileRef = CEEFE5612C64FF25000D5BAF /* LoginView.swift */; };
		CEEFE5642C650769000D5BAF /* SignupView.swift in Sources */ = {isa = PBXBuildFile; fileRef = CEEFE5632C650769000D5BAF /* SignupView.swift */; };
		CEEFE5662C6507D0000D5BAF /* AuthViewModel.swift in Sources */ = {isa = PBXBuildFile; fileRef = CEEFE5652C6507D0000D5BAF /* AuthViewModel.swift */; };
		CEEFE5692C650C1A000D5BAF /* Supabase.swift in Sources */ = {isa = PBXBuildFile; fileRef = CEEFE5682C650C1A000D5BAF /* Supabase.swift */; };
		CEEFE56E2C651317000D5BAF /* ContentView.swift in Sources */ = {isa = PBXBuildFile; fileRef = CEEFE56D2C651317000D5BAF /* ContentView.swift */; };
		CEF0770A2C63D39B00FA01F3 /* Draggables.swift in Sources */ = {isa = PBXBuildFile; fileRef = CEF077092C63D39B00FA01F3 /* Draggables.swift */; };
		CEF50A352C6E114200138EA8 /* StartCollabView.swift in Sources */ = {isa = PBXBuildFile; fileRef = CEF50A342C6E114200138EA8 /* StartCollabView.swift */; };
		CEF50A372C6E1F2200138EA8 /* Extensions.swift in Sources */ = {isa = PBXBuildFile; fileRef = CEF50A362C6E1F2200138EA8 /* Extensions.swift */; };
		CEF50A3B2C6E243A00138EA8 /* ProfileView.swift in Sources */ = {isa = PBXBuildFile; fileRef = CEF50A3A2C6E243A00138EA8 /* ProfileView.swift */; };
		CEF50A402C6E294E00138EA8 /* LoadingState.swift in Sources */ = {isa = PBXBuildFile; fileRef = CEF50A3F2C6E294E00138EA8 /* LoadingState.swift */; };
		CEFACD7F2C7704CE00BF63F1 /* ChatView.swift in Sources */ = {isa = PBXBuildFile; fileRef = CEFACD7E2C7704CE00BF63F1 /* ChatView.swift */; };
		CEFACD812C77052700BF63F1 /* ChatViewModel.swift in Sources */ = {isa = PBXBuildFile; fileRef = CEFACD802C77052700BF63F1 /* ChatViewModel.swift */; };
		CEFACD832C77125900BF63F1 /* ChatBubble.swift in Sources */ = {isa = PBXBuildFile; fileRef = CEFACD822C77125800BF63F1 /* ChatBubble.swift */; };
/* End PBXBuildFile section */

/* Begin PBXFileReference section */
		CE2E15C22C643B7F006C3C7D /* Shapes.swift */ = {isa = PBXFileReference; lastKnownFileType = sourcecode.swift; path = Shapes.swift; sourceTree = "<group>"; };
		CE2E15C42C644A4C006C3C7D /* ShapeSelectView.swift */ = {isa = PBXFileReference; lastKnownFileType = sourcecode.swift; path = ShapeSelectView.swift; sourceTree = "<group>"; };
		CE4EE0382C61DD1A00B9AB61 /* DottedBackgroundView.swift */ = {isa = PBXFileReference; lastKnownFileType = sourcecode.swift; path = DottedBackgroundView.swift; sourceTree = "<group>"; };
		CE6C915C2C61A3FA000A68EF /* HomeView.swift */ = {isa = PBXFileReference; lastKnownFileType = sourcecode.swift; path = HomeView.swift; sourceTree = "<group>"; };
		CE6C915E2C61A565000A68EF /* CanvasView.swift */ = {isa = PBXFileReference; lastKnownFileType = sourcecode.swift; path = CanvasView.swift; sourceTree = "<group>"; };
		CE6C91602C61A878000A68EF /* DrawingView.swift */ = {isa = PBXFileReference; lastKnownFileType = sourcecode.swift; path = DrawingView.swift; sourceTree = "<group>"; };
		CE9987CC2C6CD5C000685D3A /* CollabView.swift */ = {isa = PBXFileReference; lastKnownFileType = sourcecode.swift; path = CollabView.swift; sourceTree = "<group>"; };
		CE9987CE2C6CDECF00685D3A /* HomeToolBar.swift */ = {isa = PBXFileReference; lastKnownFileType = sourcecode.swift; path = HomeToolBar.swift; sourceTree = "<group>"; };
		CE9987D02C6D20F400685D3A /* CreateView.swift */ = {isa = PBXFileReference; lastKnownFileType = sourcecode.swift; path = CreateView.swift; sourceTree = "<group>"; };
		CE9987D22C6D2BD400685D3A /* CanvasCard.swift */ = {isa = PBXFileReference; lastKnownFileType = sourcecode.swift; path = CanvasCard.swift; sourceTree = "<group>"; };
		CE9987D52C6D2DA000685D3A /* AppUser.swift */ = {isa = PBXFileReference; lastKnownFileType = sourcecode.swift; path = AppUser.swift; sourceTree = "<group>"; };
		CEA43D082C767D2200E71C15 /* ChatMessage.swift */ = {isa = PBXFileReference; lastKnownFileType = sourcecode.swift; path = ChatMessage.swift; sourceTree = "<group>"; };
		CEB03B992C68EB000006B25E /* Canvas.swift */ = {isa = PBXFileReference; lastKnownFileType = sourcecode.swift; path = Canvas.swift; sourceTree = "<group>"; };
		CEB03B9B2C691CE50006B25E /* HomeViewModel.swift */ = {isa = PBXFileReference; lastKnownFileType = sourcecode.swift; path = HomeViewModel.swift; sourceTree = "<group>"; };
		CEB03B9D2C6928870006B25E /* EmptyListView.swift */ = {isa = PBXFileReference; lastKnownFileType = sourcecode.swift; path = EmptyListView.swift; sourceTree = "<group>"; };
		CEB7E9D42C62893F00B92530 /* CanvasToolBar.swift */ = {isa = PBXFileReference; lastKnownFileType = sourcecode.swift; path = CanvasToolBar.swift; sourceTree = "<group>"; };
		CEB7E9D62C62897A00B92530 /* CanvasViewModel.swift */ = {isa = PBXFileReference; lastKnownFileType = sourcecode.swift; path = CanvasViewModel.swift; sourceTree = "<group>"; };
		CEB7E9DA2C628CFA00B92530 /* ToolPickerView.swift */ = {isa = PBXFileReference; lastKnownFileType = sourcecode.swift; path = ToolPickerView.swift; sourceTree = "<group>"; };
		CEBA08942C6180FC00B60A33 /* Scribit.app */ = {isa = PBXFileReference; explicitFileType = wrapper.application; includeInIndex = 0; path = Scribit.app; sourceTree = BUILT_PRODUCTS_DIR; };
		CEBA08972C6180FC00B60A33 /* ScribitApp.swift */ = {isa = PBXFileReference; lastKnownFileType = sourcecode.swift; path = ScribitApp.swift; sourceTree = "<group>"; };
		CEBA089B2C6180FF00B60A33 /* Assets.xcassets */ = {isa = PBXFileReference; lastKnownFileType = folder.assetcatalog; path = Assets.xcassets; sourceTree = "<group>"; };
		CEBA089E2C6180FF00B60A33 /* Preview Assets.xcassets */ = {isa = PBXFileReference; lastKnownFileType = folder.assetcatalog; path = "Preview Assets.xcassets"; sourceTree = "<group>"; };
		CEEFE55D2C64F6A8000D5BAF /* AppTextField.swift */ = {isa = PBXFileReference; lastKnownFileType = sourcecode.swift; path = AppTextField.swift; sourceTree = "<group>"; };
		CEEFE55F2C64FDD1000D5BAF /* AppPasswordField.swift */ = {isa = PBXFileReference; lastKnownFileType = sourcecode.swift; path = AppPasswordField.swift; sourceTree = "<group>"; };
		CEEFE5612C64FF25000D5BAF /* LoginView.swift */ = {isa = PBXFileReference; lastKnownFileType = sourcecode.swift; path = LoginView.swift; sourceTree = "<group>"; };
		CEEFE5632C650769000D5BAF /* SignupView.swift */ = {isa = PBXFileReference; lastKnownFileType = sourcecode.swift; path = SignupView.swift; sourceTree = "<group>"; };
		CEEFE5652C6507D0000D5BAF /* AuthViewModel.swift */ = {isa = PBXFileReference; lastKnownFileType = sourcecode.swift; path = AuthViewModel.swift; sourceTree = "<group>"; };
		CEEFE5682C650C1A000D5BAF /* Supabase.swift */ = {isa = PBXFileReference; lastKnownFileType = sourcecode.swift; path = Supabase.swift; sourceTree = "<group>"; };
		CEEFE56D2C651317000D5BAF /* ContentView.swift */ = {isa = PBXFileReference; lastKnownFileType = sourcecode.swift; path = ContentView.swift; sourceTree = "<group>"; };
		CEF077092C63D39B00FA01F3 /* Draggables.swift */ = {isa = PBXFileReference; lastKnownFileType = sourcecode.swift; path = Draggables.swift; sourceTree = "<group>"; };
		CEF50A342C6E114200138EA8 /* StartCollabView.swift */ = {isa = PBXFileReference; lastKnownFileType = sourcecode.swift; path = StartCollabView.swift; sourceTree = "<group>"; };
		CEF50A362C6E1F2200138EA8 /* Extensions.swift */ = {isa = PBXFileReference; lastKnownFileType = sourcecode.swift; path = Extensions.swift; sourceTree = "<group>"; };
		CEF50A3A2C6E243A00138EA8 /* ProfileView.swift */ = {isa = PBXFileReference; lastKnownFileType = sourcecode.swift; path = ProfileView.swift; sourceTree = "<group>"; };
		CEF50A3F2C6E294E00138EA8 /* LoadingState.swift */ = {isa = PBXFileReference; lastKnownFileType = sourcecode.swift; path = LoadingState.swift; sourceTree = "<group>"; };
		CEFACD7E2C7704CE00BF63F1 /* ChatView.swift */ = {isa = PBXFileReference; lastKnownFileType = sourcecode.swift; path = ChatView.swift; sourceTree = "<group>"; };
		CEFACD802C77052700BF63F1 /* ChatViewModel.swift */ = {isa = PBXFileReference; lastKnownFileType = sourcecode.swift; path = ChatViewModel.swift; sourceTree = "<group>"; };
		CEFACD822C77125800BF63F1 /* ChatBubble.swift */ = {isa = PBXFileReference; lastKnownFileType = sourcecode.swift; path = ChatBubble.swift; sourceTree = "<group>"; };
/* End PBXFileReference section */

/* Begin PBXFrameworksBuildPhase section */
		CEBA08912C6180FC00B60A33 /* Frameworks */ = {
			isa = PBXFrameworksBuildPhase;
			buildActionMask = 2147483647;
			files = (
				CEA43D122C76821000E71C15 /* PostgREST in Frameworks */,
				CEA43D102C76821000E71C15 /* Functions in Frameworks */,
				CEA43D182C76821000E71C15 /* Supabase in Frameworks */,
				CEA43D0E2C76821000E71C15 /* Auth in Frameworks */,
				CEA43D162C76821000E71C15 /* Storage in Frameworks */,
				CEA43D142C76821000E71C15 /* Realtime in Frameworks */,
			);
			runOnlyForDeploymentPostprocessing = 0;
		};
/* End PBXFrameworksBuildPhase section */

/* Begin PBXGroup section */
		CE6C91312C61A348000A68EF /* Utilities */ = {
			isa = PBXGroup;
			children = (
				CEF50A362C6E1F2200138EA8 /* Extensions.swift */,
				CEF50A3F2C6E294E00138EA8 /* LoadingState.swift */,
			);
			path = Utilities;
			sourceTree = "<group>";
		};
		CE6C91342C61A348000A68EF /* App */ = {
			isa = PBXGroup;
			children = (
				CEBA08972C6180FC00B60A33 /* ScribitApp.swift */,
				CEEFE56D2C651317000D5BAF /* ContentView.swift */,
			);
			path = App;
			sourceTree = "<group>";
		};
		CE6C91372C61A348000A68EF /* Components */ = {
			isa = PBXGroup;
			children = (
			);
			path = Components;
			sourceTree = "<group>";
		};
		CE6C913E2C61A348000A68EF /* View */ = {
			isa = PBXGroup;
			children = (
				CE6C915C2C61A3FA000A68EF /* HomeView.swift */,
				CEB03B9D2C6928870006B25E /* EmptyListView.swift */,
				CE9987CE2C6CDECF00685D3A /* HomeToolBar.swift */,
				CE9987CC2C6CD5C000685D3A /* CollabView.swift */,
				CE9987D02C6D20F400685D3A /* CreateView.swift */,
				CE9987D22C6D2BD400685D3A /* CanvasCard.swift */,
			);
			path = View;
			sourceTree = "<group>";
		};
		CE6C91402C61A348000A68EF /* View Model */ = {
			isa = PBXGroup;
			children = (
				CEB03B9B2C691CE50006B25E /* HomeViewModel.swift */,
			);
			path = "View Model";
			sourceTree = "<group>";
		};
		CE6C91412C61A348000A68EF /* Home */ = {
			isa = PBXGroup;
			children = (
				CE6C913E2C61A348000A68EF /* View */,
				CE6C91402C61A348000A68EF /* View Model */,
			);
			path = Home;
			sourceTree = "<group>";
		};
		CE6C91452C61A348000A68EF /* View */ = {
			isa = PBXGroup;
			children = (
				CE6C915E2C61A565000A68EF /* CanvasView.swift */,
				CE6C91602C61A878000A68EF /* DrawingView.swift */,
				CEB7E9D42C62893F00B92530 /* CanvasToolBar.swift */,
				CE4EE0382C61DD1A00B9AB61 /* DottedBackgroundView.swift */,
				CEB7E9DA2C628CFA00B92530 /* ToolPickerView.swift */,
				CE2E15C42C644A4C006C3C7D /* ShapeSelectView.swift */,
				CE2E15C22C643B7F006C3C7D /* Shapes.swift */,
				CEF50A342C6E114200138EA8 /* StartCollabView.swift */,
			);
			path = View;
			sourceTree = "<group>";
		};
		CE6C91472C61A348000A68EF /* View Model */ = {
			isa = PBXGroup;
			children = (
				CEB7E9D62C62897A00B92530 /* CanvasViewModel.swift */,
			);
			path = "View Model";
			sourceTree = "<group>";
		};
		CE6C91482C61A348000A68EF /* Canvas */ = {
			isa = PBXGroup;
			children = (
				CEF077082C63D38300FA01F3 /* Model */,
				CE6C91452C61A348000A68EF /* View */,
				CE6C91472C61A348000A68EF /* View Model */,
			);
			path = Canvas;
			sourceTree = "<group>";
		};
		CE6C914B2C61A348000A68EF /* Features */ = {
			isa = PBXGroup;
			children = (
				CEEFE5592C64F641000D5BAF /* Auth */,
				CE6C91412C61A348000A68EF /* Home */,
				CEF50A382C6E238900138EA8 /* Profile */,
				CE6C91482C61A348000A68EF /* Canvas */,
				CEFACD7A2C76FF8400BF63F1 /* Chat */,
			);
			path = Features;
			sourceTree = "<group>";
		};
		CE6C914C2C61A348000A68EF /* Core */ = {
			isa = PBXGroup;
			children = (
				CE6C914B2C61A348000A68EF /* Features */,
				CE6C91372C61A348000A68EF /* Components */,
			);
			path = Core;
			sourceTree = "<group>";
		};
		CE9987D42C6D2D8B00685D3A /* Model */ = {
			isa = PBXGroup;
			children = (
				CE9987D52C6D2DA000685D3A /* AppUser.swift */,
			);
			path = Model;
			sourceTree = "<group>";
		};
		CE9987D72C6D2DCB00685D3A /* Services */ = {
			isa = PBXGroup;
			children = (
				CEEFE5682C650C1A000D5BAF /* Supabase.swift */,
			);
			path = Services;
			sourceTree = "<group>";
		};
		CEBA088B2C6180FC00B60A33 = {
			isa = PBXGroup;
			children = (
				CEBA08962C6180FC00B60A33 /* Scribit */,
				CEBA08952C6180FC00B60A33 /* Products */,
			);
			sourceTree = "<group>";
		};
		CEBA08952C6180FC00B60A33 /* Products */ = {
			isa = PBXGroup;
			children = (
				CEBA08942C6180FC00B60A33 /* Scribit.app */,
			);
			name = Products;
			sourceTree = "<group>";
		};
		CEBA08962C6180FC00B60A33 /* Scribit */ = {
			isa = PBXGroup;
			children = (
				CE6C91342C61A348000A68EF /* App */,
				CE6C914C2C61A348000A68EF /* Core */,
				CE9987D72C6D2DCB00685D3A /* Services */,
				CE6C91312C61A348000A68EF /* Utilities */,
				CEBA089B2C6180FF00B60A33 /* Assets.xcassets */,
				CEBA089D2C6180FF00B60A33 /* Preview Content */,
			);
			path = Scribit;
			sourceTree = "<group>";
		};
		CEBA089D2C6180FF00B60A33 /* Preview Content */ = {
			isa = PBXGroup;
			children = (
				CEBA089E2C6180FF00B60A33 /* Preview Assets.xcassets */,
			);
			path = "Preview Content";
			sourceTree = "<group>";
		};
		CEEFE5592C64F641000D5BAF /* Auth */ = {
			isa = PBXGroup;
			children = (
				CE9987D42C6D2D8B00685D3A /* Model */,
				CEEFE55A2C64F64B000D5BAF /* View */,
				CEEFE55B2C64F651000D5BAF /* View Model */,
			);
			path = Auth;
			sourceTree = "<group>";
		};
		CEEFE55A2C64F64B000D5BAF /* View */ = {
			isa = PBXGroup;
			children = (
				CEEFE5612C64FF25000D5BAF /* LoginView.swift */,
				CEEFE5632C650769000D5BAF /* SignupView.swift */,
				CEEFE55C2C64F698000D5BAF /* Components */,
			);
			path = View;
			sourceTree = "<group>";
		};
		CEEFE55B2C64F651000D5BAF /* View Model */ = {
			isa = PBXGroup;
			children = (
				CEEFE5652C6507D0000D5BAF /* AuthViewModel.swift */,
			);
			path = "View Model";
			sourceTree = "<group>";
		};
		CEEFE55C2C64F698000D5BAF /* Components */ = {
			isa = PBXGroup;
			children = (
				CEEFE55D2C64F6A8000D5BAF /* AppTextField.swift */,
				CEEFE55F2C64FDD1000D5BAF /* AppPasswordField.swift */,
			);
			path = Components;
			sourceTree = "<group>";
		};
		CEF077082C63D38300FA01F3 /* Model */ = {
			isa = PBXGroup;
			children = (
				CEF077092C63D39B00FA01F3 /* Draggables.swift */,
				CEB03B992C68EB000006B25E /* Canvas.swift */,
			);
			path = Model;
			sourceTree = "<group>";
		};
		CEF50A382C6E238900138EA8 /* Profile */ = {
			isa = PBXGroup;
			children = (
				CEF50A392C6E242D00138EA8 /* View */,
			);
			path = Profile;
			sourceTree = "<group>";
		};
		CEF50A392C6E242D00138EA8 /* View */ = {
			isa = PBXGroup;
			children = (
				CEF50A3A2C6E243A00138EA8 /* ProfileView.swift */,
			);
			path = View;
			sourceTree = "<group>";
		};
		CEFACD7A2C76FF8400BF63F1 /* Chat */ = {
			isa = PBXGroup;
			children = (
				CEFACD7B2C7704B200BF63F1 /* Model */,
				CEFACD7C2C7704B700BF63F1 /* View */,
				CEFACD7D2C7704BD00BF63F1 /* View Model */,
			);
			path = Chat;
			sourceTree = "<group>";
		};
		CEFACD7B2C7704B200BF63F1 /* Model */ = {
			isa = PBXGroup;
			children = (
				CEA43D082C767D2200E71C15 /* ChatMessage.swift */,
			);
			path = Model;
			sourceTree = "<group>";
		};
		CEFACD7C2C7704B700BF63F1 /* View */ = {
			isa = PBXGroup;
			children = (
				CEFACD7E2C7704CE00BF63F1 /* ChatView.swift */,
				CEFACD822C77125800BF63F1 /* ChatBubble.swift */,
			);
			path = View;
			sourceTree = "<group>";
		};
		CEFACD7D2C7704BD00BF63F1 /* View Model */ = {
			isa = PBXGroup;
			children = (
				CEFACD802C77052700BF63F1 /* ChatViewModel.swift */,
			);
			path = "View Model";
			sourceTree = "<group>";
		};
/* End PBXGroup section */

/* Begin PBXNativeTarget section */
		CEBA08932C6180FC00B60A33 /* Scribit */ = {
			isa = PBXNativeTarget;
			buildConfigurationList = CEBA08A22C6180FF00B60A33 /* Build configuration list for PBXNativeTarget "Scribit" */;
			buildPhases = (
				CEBA08902C6180FC00B60A33 /* Sources */,
				CEBA08912C6180FC00B60A33 /* Frameworks */,
				CEBA08922C6180FC00B60A33 /* Resources */,
			);
			buildRules = (
			);
			dependencies = (
			);
			name = Scribit;
			packageProductDependencies = (
				CEA43D0D2C76821000E71C15 /* Auth */,
				CEA43D0F2C76821000E71C15 /* Functions */,
				CEA43D112C76821000E71C15 /* PostgREST */,
				CEA43D132C76821000E71C15 /* Realtime */,
				CEA43D152C76821000E71C15 /* Storage */,
				CEA43D172C76821000E71C15 /* Supabase */,
			);
			productName = Scribit;
			productReference = CEBA08942C6180FC00B60A33 /* Scribit.app */;
			productType = "com.apple.product-type.application";
		};
/* End PBXNativeTarget section */

/* Begin PBXProject section */
		CEBA088C2C6180FC00B60A33 /* Project object */ = {
			isa = PBXProject;
			attributes = {
				BuildIndependentTargetsInParallel = 1;
				LastSwiftUpdateCheck = 1540;
				LastUpgradeCheck = 1540;
				TargetAttributes = {
					CEBA08932C6180FC00B60A33 = {
						CreatedOnToolsVersion = 15.4;
					};
				};
			};
			buildConfigurationList = CEBA088F2C6180FC00B60A33 /* Build configuration list for PBXProject "Scribit" */;
			compatibilityVersion = "Xcode 14.0";
			developmentRegion = en;
			hasScannedForEncodings = 0;
			knownRegions = (
				en,
				Base,
			);
			mainGroup = CEBA088B2C6180FC00B60A33;
			packageReferences = (
				CEA43D0C2C76821000E71C15 /* XCRemoteSwiftPackageReference "supabase-swift" */,
			);
			productRefGroup = CEBA08952C6180FC00B60A33 /* Products */;
			projectDirPath = "";
			projectRoot = "";
			targets = (
				CEBA08932C6180FC00B60A33 /* Scribit */,
			);
		};
/* End PBXProject section */

/* Begin PBXResourcesBuildPhase section */
		CEBA08922C6180FC00B60A33 /* Resources */ = {
			isa = PBXResourcesBuildPhase;
			buildActionMask = 2147483647;
			files = (
				CEBA089F2C6180FF00B60A33 /* Preview Assets.xcassets in Resources */,
				CEBA089C2C6180FF00B60A33 /* Assets.xcassets in Resources */,
			);
			runOnlyForDeploymentPostprocessing = 0;
		};
/* End PBXResourcesBuildPhase section */

/* Begin PBXSourcesBuildPhase section */
		CEBA08902C6180FC00B60A33 /* Sources */ = {
			isa = PBXSourcesBuildPhase;
			buildActionMask = 2147483647;
			files = (
				CE9987CF2C6CDECF00685D3A /* HomeToolBar.swift in Sources */,
				CEBA08982C6180FC00B60A33 /* ScribitApp.swift in Sources */,
				CEF50A402C6E294E00138EA8 /* LoadingState.swift in Sources */,
				CE9987CD2C6CD5C000685D3A /* CollabView.swift in Sources */,
				CEFACD7F2C7704CE00BF63F1 /* ChatView.swift in Sources */,
				CEA43D092C767D2200E71C15 /* ChatMessage.swift in Sources */,
				CE6C915D2C61A3FA000A68EF /* HomeView.swift in Sources */,
				CEB03B9E2C6928870006B25E /* EmptyListView.swift in Sources */,
				CE6C915F2C61A565000A68EF /* CanvasView.swift in Sources */,
				CEB03B9C2C691CE50006B25E /* HomeViewModel.swift in Sources */,
				CE4EE0392C61DD1A00B9AB61 /* DottedBackgroundView.swift in Sources */,
				CE6C91612C61A878000A68EF /* DrawingView.swift in Sources */,
				CEF0770A2C63D39B00FA01F3 /* Draggables.swift in Sources */,
				CEF50A352C6E114200138EA8 /* StartCollabView.swift in Sources */,
				CEF50A3B2C6E243A00138EA8 /* ProfileView.swift in Sources */,
				CE9987D12C6D20F400685D3A /* CreateView.swift in Sources */,
				CEEFE5602C64FDD1000D5BAF /* AppPasswordField.swift in Sources */,
				CEB03B9A2C68EB000006B25E /* Canvas.swift in Sources */,
				CEEFE5692C650C1A000D5BAF /* Supabase.swift in Sources */,
				CEFACD832C77125900BF63F1 /* ChatBubble.swift in Sources */,
				CE9987D62C6D2DA000685D3A /* AppUser.swift in Sources */,
				CE9987D32C6D2BD400685D3A /* CanvasCard.swift in Sources */,
				CEB7E9D52C62893F00B92530 /* CanvasToolBar.swift in Sources */,
				CEEFE5622C64FF25000D5BAF /* LoginView.swift in Sources */,
				CEEFE5642C650769000D5BAF /* SignupView.swift in Sources */,
				CE2E15C32C643B7F006C3C7D /* Shapes.swift in Sources */,
				CEB7E9DB2C628CFA00B92530 /* ToolPickerView.swift in Sources */,
				CEEFE5662C6507D0000D5BAF /* AuthViewModel.swift in Sources */,
				CEEFE56E2C651317000D5BAF /* ContentView.swift in Sources */,
				CEB7E9D72C62897A00B92530 /* CanvasViewModel.swift in Sources */,
				CE2E15C52C644A4C006C3C7D /* ShapeSelectView.swift in Sources */,
				CEEFE55E2C64F6A8000D5BAF /* AppTextField.swift in Sources */,
				CEFACD812C77052700BF63F1 /* ChatViewModel.swift in Sources */,
				CEF50A372C6E1F2200138EA8 /* Extensions.swift in Sources */,
			);
			runOnlyForDeploymentPostprocessing = 0;
		};
/* End PBXSourcesBuildPhase section */

/* Begin XCBuildConfiguration section */
		CEBA08A02C6180FF00B60A33 /* Debug */ = {
			isa = XCBuildConfiguration;
			buildSettings = {
				ALWAYS_SEARCH_USER_PATHS = NO;
				ASSETCATALOG_COMPILER_GENERATE_SWIFT_ASSET_SYMBOL_EXTENSIONS = YES;
				CLANG_ANALYZER_NONNULL = YES;
				CLANG_ANALYZER_NUMBER_OBJECT_CONVERSION = YES_AGGRESSIVE;
				CLANG_CXX_LANGUAGE_STANDARD = "gnu++20";
				CLANG_ENABLE_MODULES = YES;
				CLANG_ENABLE_OBJC_ARC = YES;
				CLANG_ENABLE_OBJC_WEAK = YES;
				CLANG_WARN_BLOCK_CAPTURE_AUTORELEASING = YES;
				CLANG_WARN_BOOL_CONVERSION = YES;
				CLANG_WARN_COMMA = YES;
				CLANG_WARN_CONSTANT_CONVERSION = YES;
				CLANG_WARN_DEPRECATED_OBJC_IMPLEMENTATIONS = YES;
				CLANG_WARN_DIRECT_OBJC_ISA_USAGE = YES_ERROR;
				CLANG_WARN_DOCUMENTATION_COMMENTS = YES;
				CLANG_WARN_EMPTY_BODY = YES;
				CLANG_WARN_ENUM_CONVERSION = YES;
				CLANG_WARN_INFINITE_RECURSION = YES;
				CLANG_WARN_INT_CONVERSION = YES;
				CLANG_WARN_NON_LITERAL_NULL_CONVERSION = YES;
				CLANG_WARN_OBJC_IMPLICIT_RETAIN_SELF = YES;
				CLANG_WARN_OBJC_LITERAL_CONVERSION = YES;
				CLANG_WARN_OBJC_ROOT_CLASS = YES_ERROR;
				CLANG_WARN_QUOTED_INCLUDE_IN_FRAMEWORK_HEADER = YES;
				CLANG_WARN_RANGE_LOOP_ANALYSIS = YES;
				CLANG_WARN_STRICT_PROTOTYPES = YES;
				CLANG_WARN_SUSPICIOUS_MOVE = YES;
				CLANG_WARN_UNGUARDED_AVAILABILITY = YES_AGGRESSIVE;
				CLANG_WARN_UNREACHABLE_CODE = YES;
				CLANG_WARN__DUPLICATE_METHOD_MATCH = YES;
				COPY_PHASE_STRIP = NO;
				DEBUG_INFORMATION_FORMAT = dwarf;
				ENABLE_STRICT_OBJC_MSGSEND = YES;
				ENABLE_TESTABILITY = YES;
				ENABLE_USER_SCRIPT_SANDBOXING = YES;
				GCC_C_LANGUAGE_STANDARD = gnu17;
				GCC_DYNAMIC_NO_PIC = NO;
				GCC_NO_COMMON_BLOCKS = YES;
				GCC_OPTIMIZATION_LEVEL = 0;
				GCC_PREPROCESSOR_DEFINITIONS = (
					"DEBUG=1",
					"$(inherited)",
				);
				GCC_WARN_64_TO_32_BIT_CONVERSION = YES;
				GCC_WARN_ABOUT_RETURN_TYPE = YES_ERROR;
				GCC_WARN_UNDECLARED_SELECTOR = YES;
				GCC_WARN_UNINITIALIZED_AUTOS = YES_AGGRESSIVE;
				GCC_WARN_UNUSED_FUNCTION = YES;
				GCC_WARN_UNUSED_VARIABLE = YES;
				INFOPLIST_PREPROCESS = YES;
				IPHONEOS_DEPLOYMENT_TARGET = 17.0;
				LOCALIZATION_PREFERS_STRING_CATALOGS = YES;
				MTL_ENABLE_DEBUG_INFO = INCLUDE_SOURCE;
				MTL_FAST_MATH = YES;
				ONLY_ACTIVE_ARCH = YES;
				SDKROOT = iphoneos;
				SWIFT_ACTIVE_COMPILATION_CONDITIONS = "DEBUG $(inherited)";
				SWIFT_OPTIMIZATION_LEVEL = "-Onone";
			};
			name = Debug;
		};
		CEBA08A12C6180FF00B60A33 /* Release */ = {
			isa = XCBuildConfiguration;
			buildSettings = {
				ALWAYS_SEARCH_USER_PATHS = NO;
				ASSETCATALOG_COMPILER_GENERATE_SWIFT_ASSET_SYMBOL_EXTENSIONS = YES;
				CLANG_ANALYZER_NONNULL = YES;
				CLANG_ANALYZER_NUMBER_OBJECT_CONVERSION = YES_AGGRESSIVE;
				CLANG_CXX_LANGUAGE_STANDARD = "gnu++20";
				CLANG_ENABLE_MODULES = YES;
				CLANG_ENABLE_OBJC_ARC = YES;
				CLANG_ENABLE_OBJC_WEAK = YES;
				CLANG_WARN_BLOCK_CAPTURE_AUTORELEASING = YES;
				CLANG_WARN_BOOL_CONVERSION = YES;
				CLANG_WARN_COMMA = YES;
				CLANG_WARN_CONSTANT_CONVERSION = YES;
				CLANG_WARN_DEPRECATED_OBJC_IMPLEMENTATIONS = YES;
				CLANG_WARN_DIRECT_OBJC_ISA_USAGE = YES_ERROR;
				CLANG_WARN_DOCUMENTATION_COMMENTS = YES;
				CLANG_WARN_EMPTY_BODY = YES;
				CLANG_WARN_ENUM_CONVERSION = YES;
				CLANG_WARN_INFINITE_RECURSION = YES;
				CLANG_WARN_INT_CONVERSION = YES;
				CLANG_WARN_NON_LITERAL_NULL_CONVERSION = YES;
				CLANG_WARN_OBJC_IMPLICIT_RETAIN_SELF = YES;
				CLANG_WARN_OBJC_LITERAL_CONVERSION = YES;
				CLANG_WARN_OBJC_ROOT_CLASS = YES_ERROR;
				CLANG_WARN_QUOTED_INCLUDE_IN_FRAMEWORK_HEADER = YES;
				CLANG_WARN_RANGE_LOOP_ANALYSIS = YES;
				CLANG_WARN_STRICT_PROTOTYPES = YES;
				CLANG_WARN_SUSPICIOUS_MOVE = YES;
				CLANG_WARN_UNGUARDED_AVAILABILITY = YES_AGGRESSIVE;
				CLANG_WARN_UNREACHABLE_CODE = YES;
				CLANG_WARN__DUPLICATE_METHOD_MATCH = YES;
				COPY_PHASE_STRIP = NO;
				DEBUG_INFORMATION_FORMAT = "dwarf-with-dsym";
				ENABLE_NS_ASSERTIONS = NO;
				ENABLE_STRICT_OBJC_MSGSEND = YES;
				ENABLE_USER_SCRIPT_SANDBOXING = YES;
				GCC_C_LANGUAGE_STANDARD = gnu17;
				GCC_NO_COMMON_BLOCKS = YES;
				GCC_WARN_64_TO_32_BIT_CONVERSION = YES;
				GCC_WARN_ABOUT_RETURN_TYPE = YES_ERROR;
				GCC_WARN_UNDECLARED_SELECTOR = YES;
				GCC_WARN_UNINITIALIZED_AUTOS = YES_AGGRESSIVE;
				GCC_WARN_UNUSED_FUNCTION = YES;
				GCC_WARN_UNUSED_VARIABLE = YES;
				INFOPLIST_PREPROCESS = YES;
				IPHONEOS_DEPLOYMENT_TARGET = 17.0;
				LOCALIZATION_PREFERS_STRING_CATALOGS = YES;
				MTL_ENABLE_DEBUG_INFO = NO;
				MTL_FAST_MATH = YES;
				SDKROOT = iphoneos;
				SWIFT_COMPILATION_MODE = wholemodule;
				VALIDATE_PRODUCT = YES;
			};
			name = Release;
		};
		CEBA08A32C6180FF00B60A33 /* Debug */ = {
			isa = XCBuildConfiguration;
			buildSettings = {
				ASSETCATALOG_COMPILER_APPICON_NAME = AppIcon;
				ASSETCATALOG_COMPILER_GLOBAL_ACCENT_COLOR_NAME = AccentColor;
				CODE_SIGN_STYLE = Automatic;
				CURRENT_PROJECT_VERSION = 1;
				DEVELOPMENT_ASSET_PATHS = "\"Scribit/Preview Content\"";
				DEVELOPMENT_TEAM = F2DAZJL548;
				ENABLE_PREVIEWS = YES;
				GENERATE_INFOPLIST_FILE = YES;
				INFOPLIST_KEY_NSPhotoLibraryAddUsageDescription = "We need access to save your scrib";
				INFOPLIST_KEY_NSPhotoLibraryUsageDescription = "We need access to save your scrib";
				INFOPLIST_KEY_UIApplicationSceneManifest_Generation = YES;
				INFOPLIST_KEY_UIApplicationSupportsIndirectInputEvents = YES;
				INFOPLIST_KEY_UILaunchScreen_Generation = YES;
				INFOPLIST_KEY_UISupportedInterfaceOrientations_iPad = "UIInterfaceOrientationPortrait UIInterfaceOrientationPortraitUpsideDown UIInterfaceOrientationLandscapeLeft UIInterfaceOrientationLandscapeRight";
				INFOPLIST_KEY_UISupportedInterfaceOrientations_iPhone = "UIInterfaceOrientationPortrait UIInterfaceOrientationLandscapeLeft UIInterfaceOrientationLandscapeRight";
				INFOPLIST_PREPROCESS = YES;
				LD_RUNPATH_SEARCH_PATHS = (
					"$(inherited)",
					"@executable_path/Frameworks",
				);
				MARKETING_VERSION = 1.0;
				PRODUCT_BUNDLE_IDENTIFIER = com.godwin.Scribit;
				PRODUCT_NAME = "$(TARGET_NAME)";
				SWIFT_EMIT_LOC_STRINGS = YES;
				SWIFT_VERSION = 5.0;
				TARGETED_DEVICE_FAMILY = "1,2";
			};
			name = Debug;
		};
		CEBA08A42C6180FF00B60A33 /* Release */ = {
			isa = XCBuildConfiguration;
			buildSettings = {
				ASSETCATALOG_COMPILER_APPICON_NAME = AppIcon;
				ASSETCATALOG_COMPILER_GLOBAL_ACCENT_COLOR_NAME = AccentColor;
				CODE_SIGN_STYLE = Automatic;
				CURRENT_PROJECT_VERSION = 1;
				DEVELOPMENT_ASSET_PATHS = "\"Scribit/Preview Content\"";
				DEVELOPMENT_TEAM = F2DAZJL548;
				ENABLE_PREVIEWS = YES;
				GENERATE_INFOPLIST_FILE = YES;
				INFOPLIST_KEY_NSPhotoLibraryAddUsageDescription = "We need access to save your scrib";
				INFOPLIST_KEY_NSPhotoLibraryUsageDescription = "We need access to save your scrib";
				INFOPLIST_KEY_UIApplicationSceneManifest_Generation = YES;
				INFOPLIST_KEY_UIApplicationSupportsIndirectInputEvents = YES;
				INFOPLIST_KEY_UILaunchScreen_Generation = YES;
				INFOPLIST_KEY_UISupportedInterfaceOrientations_iPad = "UIInterfaceOrientationPortrait UIInterfaceOrientationPortraitUpsideDown UIInterfaceOrientationLandscapeLeft UIInterfaceOrientationLandscapeRight";
				INFOPLIST_KEY_UISupportedInterfaceOrientations_iPhone = "UIInterfaceOrientationPortrait UIInterfaceOrientationLandscapeLeft UIInterfaceOrientationLandscapeRight";
				INFOPLIST_PREPROCESS = YES;
				LD_RUNPATH_SEARCH_PATHS = (
					"$(inherited)",
					"@executable_path/Frameworks",
				);
				MARKETING_VERSION = 1.0;
				PRODUCT_BUNDLE_IDENTIFIER = com.godwin.Scribit;
				PRODUCT_NAME = "$(TARGET_NAME)";
				SWIFT_EMIT_LOC_STRINGS = YES;
				SWIFT_VERSION = 5.0;
				TARGETED_DEVICE_FAMILY = "1,2";
			};
			name = Release;
		};
/* End XCBuildConfiguration section */

/* Begin XCConfigurationList section */
		CEBA088F2C6180FC00B60A33 /* Build configuration list for PBXProject "Scribit" */ = {
			isa = XCConfigurationList;
			buildConfigurations = (
				CEBA08A02C6180FF00B60A33 /* Debug */,
				CEBA08A12C6180FF00B60A33 /* Release */,
			);
			defaultConfigurationIsVisible = 0;
			defaultConfigurationName = Release;
		};
		CEBA08A22C6180FF00B60A33 /* Build configuration list for PBXNativeTarget "Scribit" */ = {
			isa = XCConfigurationList;
			buildConfigurations = (
				CEBA08A32C6180FF00B60A33 /* Debug */,
				CEBA08A42C6180FF00B60A33 /* Release */,
			);
			defaultConfigurationIsVisible = 0;
			defaultConfigurationName = Release;
		};
/* End XCConfigurationList section */

/* Begin XCRemoteSwiftPackageReference section */
		CEA43D0C2C76821000E71C15 /* XCRemoteSwiftPackageReference "supabase-swift" */ = {
			isa = XCRemoteSwiftPackageReference;
			repositoryURL = "https://github.com/supabase/supabase-swift";
			requirement = {
				kind = upToNextMajorVersion;
				minimumVersion = 2.5.1;
			};
		};
/* End XCRemoteSwiftPackageReference section */

/* Begin XCSwiftPackageProductDependency section */
		CEA43D0D2C76821000E71C15 /* Auth */ = {
			isa = XCSwiftPackageProductDependency;
			package = CEA43D0C2C76821000E71C15 /* XCRemoteSwiftPackageReference "supabase-swift" */;
			productName = Auth;
		};
		CEA43D0F2C76821000E71C15 /* Functions */ = {
			isa = XCSwiftPackageProductDependency;
			package = CEA43D0C2C76821000E71C15 /* XCRemoteSwiftPackageReference "supabase-swift" */;
			productName = Functions;
		};
		CEA43D112C76821000E71C15 /* PostgREST */ = {
			isa = XCSwiftPackageProductDependency;
			package = CEA43D0C2C76821000E71C15 /* XCRemoteSwiftPackageReference "supabase-swift" */;
			productName = PostgREST;
		};
		CEA43D132C76821000E71C15 /* Realtime */ = {
			isa = XCSwiftPackageProductDependency;
			package = CEA43D0C2C76821000E71C15 /* XCRemoteSwiftPackageReference "supabase-swift" */;
			productName = Realtime;
		};
		CEA43D152C76821000E71C15 /* Storage */ = {
			isa = XCSwiftPackageProductDependency;
			package = CEA43D0C2C76821000E71C15 /* XCRemoteSwiftPackageReference "supabase-swift" */;
			productName = Storage;
		};
		CEA43D172C76821000E71C15 /* Supabase */ = {
			isa = XCSwiftPackageProductDependency;
			package = CEA43D0C2C76821000E71C15 /* XCRemoteSwiftPackageReference "supabase-swift" */;
			productName = Supabase;
		};
/* End XCSwiftPackageProductDependency section */
	};
	rootObject = CEBA088C2C6180FC00B60A33 /* Project object */;
}
